
Microsoft Visual Studio Solution File, Format Version 12.00
# Visual Studio Version 17
VisualStudioVersion = 17.3.32922.545
MinimumVisualStudioVersion = 10.0.40219.1
Project("{FAE04EC0-301F-11D3-BF4B-00C04F79EFBC}") = "Labb-2-databaser-Saraebba", "Labb-2-databaser-Saraebba\Labb-2-databaser-Saraebba.csproj", "{8DC296F2-DB6C-4AA8-A539-84723F1B437A}"
EndProject
Global
	GlobalSection(SolutionConfigurationPlatforms) = preSolution
		Debug|Any CPU = Debug|Any CPU
		Release|Any CPU = Release|Any CPU
	EndGlobalSection
	GlobalSection(ProjectConfigurationPlatforms) = postSolution
		{8DC296F2-DB6C-4AA8-A539-84723F1B437A}.Debug|Any CPU.ActiveCfg = Debug|Any CPU
		{8DC296F2-DB6C-4AA8-A539-84723F1B437A}.Debug|Any CPU.Build.0 = Debug|Any CPU
		{8DC296F2-DB6C-4AA8-A539-84723F1B437A}.Release|Any CPU.ActiveCfg = Release|Any CPU
		{8DC296F2-DB6C-4AA8-A539-84723F1B437A}.Release|Any CPU.Build.0 = Release|Any CPU
	EndGlobalSection
	GlobalSection(SolutionProperties) = preSolution
		HideSolutionNode = FALSE
	EndGlobalSection
	GlobalSection(ExtensibilityGlobals) = postSolution
		SolutionGuid = {8E900778-CF67-424C-8333-3E807CD08FD6}
	EndGlobalSection
EndGlobal
